
Microsoft Visual Studio Solution File, Format Version 12.00
# Visual Studio Version 16
VisualStudioVersion = 16.0.29201.188
MinimumVisualStudioVersion = 10.0.40219.1
Project("{FAE04EC0-301F-11D3-BF4B-00C04F79EFBC}") = "GitVarInt", "GitVarInt\GitVarInt.csproj", "{70CB019B-CF29-4D61-8B25-6CB12C1988AA}"
EndProject
Project("{FAE04EC0-301F-11D3-BF4B-00C04F79EFBC}") = "GitVarInt.Test", "GitVarInt.Test\GitVarInt.Test.csproj", "{682D83F4-835E-45BF-BD39-893176CBEE30}"
EndProject
Project("{2150E333-8FDC-42A3-9474-1A3956D46DE8}") = "Solution Items", "Solution Items", "{6364BB85-E8BD-4BBA-A68F-EABBDB2F999D}"
	ProjectSection(SolutionItems) = preProject
		.editorconfig = .editorconfig
	EndProjectSection
EndProject
Global
	GlobalSection(SolutionConfigurationPlatforms) = preSolution
		Debug|Any CPU = Debug|Any CPU
		Release|Any CPU = Release|Any CPU
	EndGlobalSection
	GlobalSection(ProjectConfigurationPlatforms) = postSolution
		{70CB019B-CF29-4D61-8B25-6CB12C1988AA}.Debug|Any CPU.ActiveCfg = Debug|Any CPU
		{70CB019B-CF29-4D61-8B25-6CB12C1988AA}.Debug|Any CPU.Build.0 = Debug|Any CPU
		{70CB019B-CF29-4D61-8B25-6CB12C1988AA}.Release|Any CPU.ActiveCfg = Release|Any CPU
		{70CB019B-CF29-4D61-8B25-6CB12C1988AA}.Release|Any CPU.Build.0 = Release|Any CPU
		{682D83F4-835E-45BF-BD39-893176CBEE30}.Debug|Any CPU.ActiveCfg = Debug|Any CPU
		{682D83F4-835E-45BF-BD39-893176CBEE30}.Debug|Any CPU.Build.0 = Debug|Any CPU
		{682D83F4-835E-45BF-BD39-893176CBEE30}.Release|Any CPU.ActiveCfg = Release|Any CPU
		{682D83F4-835E-45BF-BD39-893176CBEE30}.Release|Any CPU.Build.0 = Release|Any CPU
	EndGlobalSection
	GlobalSection(SolutionProperties) = preSolution
		HideSolutionNode = FALSE
	EndGlobalSection
	GlobalSection(ExtensibilityGlobals) = postSolution
		SolutionGuid = {7501ED15-5B23-4F7D-9B23-5F87C3131EA8}
	EndGlobalSection
EndGlobal
